
Microsoft Visual Studio Solution File, Format Version 12.00
# Visual Studio 14
VisualStudioVersion = 14.0.25123.0
MinimumVisualStudioVersion = 10.0.40219.1
Project("{77502D34-59E1-496C-BD13-21F903A8F7C9}") = "Sitecore.Support.392562", "Sitecore.Support.392562\Sitecore.Support.392562.csproj", "{F5AB157B-62E1-406D-9F08-C0EFC5989909}"
EndProject
Global
	GlobalSection(SolutionConfigurationPlatforms) = preSolution
		Debug|Any CPU = Debug|Any CPU
		Release|Any CPU = Release|Any CPU
	EndGlobalSection
	GlobalSection(ProjectConfigurationPlatforms) = postSolution
		{F5AB157B-62E1-406D-9F08-C0EFC5989909}.Debug|Any CPU.ActiveCfg = Debug|Any CPU
		{F5AB157B-62E1-406D-9F08-C0EFC5989909}.Debug|Any CPU.Build.0 = Debug|Any CPU
		{F5AB157B-62E1-406D-9F08-C0EFC5989909}.Release|Any CPU.ActiveCfg = Release|Any CPU
		{F5AB157B-62E1-406D-9F08-C0EFC5989909}.Release|Any CPU.Build.0 = Release|Any CPU
	EndGlobalSection
	GlobalSection(SolutionProperties) = preSolution
		HideSolutionNode = FALSE
	EndGlobalSection
EndGlobal
